
Microsoft Visual Studio Solution File, Format Version 12.00
# Visual Studio Version 17
VisualStudioVersion = 17.7.34024.191
MinimumVisualStudioVersion = 10.0.40219.1
Project("{9A19103F-16F7-4668-BE54-9A1E7A4F7556}") = "WebApiAndTestsxUnit", "WebApiAndTestsxUnit\WebApiAndTestsxUnit.csproj", "{78A85491-4800-4A76-86E0-7BFDD02ED51F}"
EndProject
Project("{2150E333-8FDC-42A3-9474-1A3956D46DE8}") = "Tests", "Tests", "{2793A8B1-4BA8-4637-B8DB-760EC2A88444}"
EndProject
Project("{9A19103F-16F7-4668-BE54-9A1E7A4F7556}") = "TestAPI", "TestAPI\TestAPI.csproj", "{162863B1-D774-47AB-A308-DE0363D53FBC}"
EndProject
Global
	GlobalSection(SolutionConfigurationPlatforms) = preSolution
		Debug|Any CPU = Debug|Any CPU
		Release|Any CPU = Release|Any CPU
	EndGlobalSection
	GlobalSection(ProjectConfigurationPlatforms) = postSolution
		{78A85491-4800-4A76-86E0-7BFDD02ED51F}.Debug|Any CPU.ActiveCfg = Debug|Any CPU
		{78A85491-4800-4A76-86E0-7BFDD02ED51F}.Debug|Any CPU.Build.0 = Debug|Any CPU
		{78A85491-4800-4A76-86E0-7BFDD02ED51F}.Release|Any CPU.ActiveCfg = Release|Any CPU
		{78A85491-4800-4A76-86E0-7BFDD02ED51F}.Release|Any CPU.Build.0 = Release|Any CPU
		{162863B1-D774-47AB-A308-DE0363D53FBC}.Debug|Any CPU.ActiveCfg = Debug|Any CPU
		{162863B1-D774-47AB-A308-DE0363D53FBC}.Debug|Any CPU.Build.0 = Debug|Any CPU
		{162863B1-D774-47AB-A308-DE0363D53FBC}.Release|Any CPU.ActiveCfg = Release|Any CPU
		{162863B1-D774-47AB-A308-DE0363D53FBC}.Release|Any CPU.Build.0 = Release|Any CPU
	EndGlobalSection
	GlobalSection(SolutionProperties) = preSolution
		HideSolutionNode = FALSE
	EndGlobalSection
	GlobalSection(NestedProjects) = preSolution
		{162863B1-D774-47AB-A308-DE0363D53FBC} = {2793A8B1-4BA8-4637-B8DB-760EC2A88444}
	EndGlobalSection
	GlobalSection(ExtensibilityGlobals) = postSolution
		SolutionGuid = {1F1A17A8-1512-4799-96F2-E71B62FC58E8}
	EndGlobalSection
EndGlobal
